
Microsoft Visual Studio Solution File, Format Version 12.00
# Visual Studio Version 16
VisualStudioVersion = 16.0.31129.286
MinimumVisualStudioVersion = 10.0.40219.1
Project("{FAE04EC0-301F-11D3-BF4B-00C04F79EFBC}") = "Lafarge-WPF", "Lafarge-WPF.csproj", "{7F86F79F-0B22-473F-8FAA-33B4A2287C63}"
EndProject
Global
	GlobalSection(SolutionConfigurationPlatforms) = preSolution
		Debug|Any CPU = Debug|Any CPU
		Release|Any CPU = Release|Any CPU
	EndGlobalSection
	GlobalSection(ProjectConfigurationPlatforms) = postSolution
		{7F86F79F-0B22-473F-8FAA-33B4A2287C63}.Debug|Any CPU.ActiveCfg = Debug|Any CPU
		{7F86F79F-0B22-473F-8FAA-33B4A2287C63}.Debug|Any CPU.Build.0 = Debug|Any CPU
		{7F86F79F-0B22-473F-8FAA-33B4A2287C63}.Release|Any CPU.ActiveCfg = Release|Any CPU
		{7F86F79F-0B22-473F-8FAA-33B4A2287C63}.Release|Any CPU.Build.0 = Release|Any CPU
	EndGlobalSection
	GlobalSection(SolutionProperties) = preSolution
		HideSolutionNode = FALSE
	EndGlobalSection
	GlobalSection(ExtensibilityGlobals) = postSolution
		SolutionGuid = {D58B8E88-6302-4064-B688-4B7C0F7A8C52}
	EndGlobalSection
EndGlobal
